
Microsoft Visual Studio Solution File, Format Version 12.00
Project("{2150E333-8FDC-42A3-9474-1A3956D46DE8}") = "src", "src", "{38766B5B-8DE6-4A88-BB65-A5B79DB48C28}"
EndProject
Project("{FAE04EC0-301F-11D3-BF4B-00C04F79EFBC}") = "CloudEng.InvoiceBuilder.Host", "src\CloudEnd.InvoiceBuilder.Host\CloudEng.InvoiceBuilder.Host.csproj", "{EF5E4C43-BCE2-4744-ABA8-9AA961F9A0B6}"
EndProject
Project("{FAE04EC0-301F-11D3-BF4B-00C04F79EFBC}") = "CloudEng.InvoiceBuilder.Toggl", "src\CloudEng.InvoiceBuilder.Toggl\CloudEng.InvoiceBuilder.Toggl.csproj", "{B71218C2-CB97-46E2-A081-EEC8C4A4FE11}"
EndProject
Project("{2150E333-8FDC-42A3-9474-1A3956D46DE8}") = "tests", "tests", "{9E340399-C40E-4669-9D05-6C863015C219}"
EndProject
Project("{FAE04EC0-301F-11D3-BF4B-00C04F79EFBC}") = "CloudEng.InvoiceBuilder.Toggl.Tests", "tests\CloudEng.InvoiceBuilder.Toggl.Tests\CloudEng.InvoiceBuilder.Toggl.Tests.csproj", "{B7076E6F-094A-46F2-A761-AD85915BD664}"
EndProject
Project("{FAE04EC0-301F-11D3-BF4B-00C04F79EFBC}") = "CloudEng.InvoiceBuilder.Workflow", "src\CloudEng.InvoiceBuilder.Workflow\CloudEng.InvoiceBuilder.Workflow.csproj", "{A2F5A801-D32F-48AD-B58C-DB4E68437F14}"
EndProject
Project("{2150E333-8FDC-42A3-9474-1A3956D46DE8}") = ".github", ".github", "{B89FA52C-BFD4-41F1-B37B-1C7BAD2C6800}"
EndProject
Project("{2150E333-8FDC-42A3-9474-1A3956D46DE8}") = "workflows", "workflows", "{95178660-5064-47C3-B0FF-06C8608BBDB1}"
ProjectSection(SolutionItems) = preProject
	.github\workflows\build.yml = .github\workflows\build.yml
	.github\workflows\trigger-function.yml = .github\workflows\trigger-function.yml
EndProjectSection
EndProject
Project("{FAE04EC0-301F-11D3-BF4B-00C04F79EFBC}") = "CloudEng.InvoiceBuilder.Workflow.Tests", "tests\CloudEng.InvoiceBuilder.Workflow.Tests\CloudEng.InvoiceBuilder.Workflow.Tests.csproj", "{48B9CF69-B46C-4D13-9E50-907925EA47CC}"
EndProject
Project("{2150E333-8FDC-42A3-9474-1A3956D46DE8}") = "infra", "infra", "{879DBA6C-885C-4AAE-86E0-692A0969F166}"
EndProject
Project("{FAE04EC0-301F-11D3-BF4B-00C04F79EFBC}") = "CloudEng.InvoiceBuilder.Infrastructure", "infra\CloudEng.InvoiceBuilder.Infrastructure\CloudEng.InvoiceBuilder.Infrastructure.csproj", "{97CEA970-195B-4D8D-87BF-39BC2D139D19}"
EndProject
Global
	GlobalSection(SolutionConfigurationPlatforms) = preSolution
		Debug|Any CPU = Debug|Any CPU
		Release|Any CPU = Release|Any CPU
	EndGlobalSection
	GlobalSection(ProjectConfigurationPlatforms) = postSolution
		{EF5E4C43-BCE2-4744-ABA8-9AA961F9A0B6}.Debug|Any CPU.ActiveCfg = Debug|Any CPU
		{EF5E4C43-BCE2-4744-ABA8-9AA961F9A0B6}.Debug|Any CPU.Build.0 = Debug|Any CPU
		{EF5E4C43-BCE2-4744-ABA8-9AA961F9A0B6}.Release|Any CPU.ActiveCfg = Release|Any CPU
		{EF5E4C43-BCE2-4744-ABA8-9AA961F9A0B6}.Release|Any CPU.Build.0 = Release|Any CPU
		{B71218C2-CB97-46E2-A081-EEC8C4A4FE11}.Debug|Any CPU.ActiveCfg = Debug|Any CPU
		{B71218C2-CB97-46E2-A081-EEC8C4A4FE11}.Debug|Any CPU.Build.0 = Debug|Any CPU
		{B71218C2-CB97-46E2-A081-EEC8C4A4FE11}.Release|Any CPU.ActiveCfg = Release|Any CPU
		{B71218C2-CB97-46E2-A081-EEC8C4A4FE11}.Release|Any CPU.Build.0 = Release|Any CPU
		{B7076E6F-094A-46F2-A761-AD85915BD664}.Debug|Any CPU.ActiveCfg = Debug|Any CPU
		{B7076E6F-094A-46F2-A761-AD85915BD664}.Debug|Any CPU.Build.0 = Debug|Any CPU
		{B7076E6F-094A-46F2-A761-AD85915BD664}.Release|Any CPU.ActiveCfg = Release|Any CPU
		{B7076E6F-094A-46F2-A761-AD85915BD664}.Release|Any CPU.Build.0 = Release|Any CPU
		{A2F5A801-D32F-48AD-B58C-DB4E68437F14}.Debug|Any CPU.ActiveCfg = Debug|Any CPU
		{A2F5A801-D32F-48AD-B58C-DB4E68437F14}.Debug|Any CPU.Build.0 = Debug|Any CPU
		{A2F5A801-D32F-48AD-B58C-DB4E68437F14}.Release|Any CPU.ActiveCfg = Release|Any CPU
		{A2F5A801-D32F-48AD-B58C-DB4E68437F14}.Release|Any CPU.Build.0 = Release|Any CPU
		{48B9CF69-B46C-4D13-9E50-907925EA47CC}.Debug|Any CPU.ActiveCfg = Debug|Any CPU
		{48B9CF69-B46C-4D13-9E50-907925EA47CC}.Debug|Any CPU.Build.0 = Debug|Any CPU
		{48B9CF69-B46C-4D13-9E50-907925EA47CC}.Release|Any CPU.ActiveCfg = Release|Any CPU
		{48B9CF69-B46C-4D13-9E50-907925EA47CC}.Release|Any CPU.Build.0 = Release|Any CPU
		{97CEA970-195B-4D8D-87BF-39BC2D139D19}.Debug|Any CPU.ActiveCfg = Debug|Any CPU
		{97CEA970-195B-4D8D-87BF-39BC2D139D19}.Debug|Any CPU.Build.0 = Debug|Any CPU
		{97CEA970-195B-4D8D-87BF-39BC2D139D19}.Release|Any CPU.ActiveCfg = Release|Any CPU
		{97CEA970-195B-4D8D-87BF-39BC2D139D19}.Release|Any CPU.Build.0 = Release|Any CPU
	EndGlobalSection
	GlobalSection(NestedProjects) = preSolution
		{EF5E4C43-BCE2-4744-ABA8-9AA961F9A0B6} = {38766B5B-8DE6-4A88-BB65-A5B79DB48C28}
		{B71218C2-CB97-46E2-A081-EEC8C4A4FE11} = {38766B5B-8DE6-4A88-BB65-A5B79DB48C28}
		{B7076E6F-094A-46F2-A761-AD85915BD664} = {9E340399-C40E-4669-9D05-6C863015C219}
		{A2F5A801-D32F-48AD-B58C-DB4E68437F14} = {38766B5B-8DE6-4A88-BB65-A5B79DB48C28}
		{95178660-5064-47C3-B0FF-06C8608BBDB1} = {B89FA52C-BFD4-41F1-B37B-1C7BAD2C6800}
		{48B9CF69-B46C-4D13-9E50-907925EA47CC} = {9E340399-C40E-4669-9D05-6C863015C219}
		{97CEA970-195B-4D8D-87BF-39BC2D139D19} = {879DBA6C-885C-4AAE-86E0-692A0969F166}
	EndGlobalSection
EndGlobal
